
Microsoft Visual Studio Solution File, Format Version 12.00
# Visual Studio Version 17
VisualStudioVersion = 17.1.32328.378
MinimumVisualStudioVersion = 10.0.40219.1
Project("{2150E333-8FDC-42A3-9474-1A3956D46DE8}") = "1 - Application", "1 - Application", "{284A365D-676B-4342-9F8C-4701E077C439}"
EndProject
Project("{9A19103F-16F7-4668-BE54-9A1E7A4F7556}") = "Application", "Application\Application.csproj", "{4D10C6A3-AAFC-4421-8845-1DFBF541F787}"
	ProjectSection(ProjectDependencies) = postProject
		{6D834B1A-4F92-4642-84B1-C7C8E0557DE9} = {6D834B1A-4F92-4642-84B1-C7C8E0557DE9}
		{4DF0D06A-5269-421E-8C11-5CC0729032F4} = {4DF0D06A-5269-421E-8C11-5CC0729032F4}
		{1766B673-8744-42E1-A295-D57D3E275B6A} = {1766B673-8744-42E1-A295-D57D3E275B6A}
		{B8A980D9-A020-4773-84F7-2ED25B2B8294} = {B8A980D9-A020-4773-84F7-2ED25B2B8294}
	EndProjectSection
EndProject
Project("{2150E333-8FDC-42A3-9474-1A3956D46DE8}") = "3 - Domain", "3 - Domain", "{3F149DA8-2932-4F1E-97EC-F50E2FF38077}"
EndProject
Project("{9A19103F-16F7-4668-BE54-9A1E7A4F7556}") = "Domain", "Domain\Domain.csproj", "{4DF0D06A-5269-421E-8C11-5CC0729032F4}"
EndProject
Project("{2150E333-8FDC-42A3-9474-1A3956D46DE8}") = "5 - CrossCutting", "5 - CrossCutting", "{BF802B58-99F4-4178-B5F7-A05944090747}"
EndProject
Project("{9A19103F-16F7-4668-BE54-9A1E7A4F7556}") = "CrossCutting", "CrossCutting\CrossCutting.csproj", "{6D834B1A-4F92-4642-84B1-C7C8E0557DE9}"
EndProject
Project("{2150E333-8FDC-42A3-9474-1A3956D46DE8}") = "4 - Data", "4 - Data", "{2491374C-86BF-481D-AE97-8BC50AD3FA0B}"
EndProject
Project("{9A19103F-16F7-4668-BE54-9A1E7A4F7556}") = "Data", "Data\Data.csproj", "{B8A980D9-A020-4773-84F7-2ED25B2B8294}"
EndProject
Project("{2150E333-8FDC-42A3-9474-1A3956D46DE8}") = "2 - Service", "2 - Service", "{5C1D7032-3DF5-4AFD-8448-DA9721852F3B}"
EndProject
Project("{9A19103F-16F7-4668-BE54-9A1E7A4F7556}") = "Service", "Service\Service.csproj", "{1766B673-8744-42E1-A295-D57D3E275B6A}"
EndProject
Global
	GlobalSection(SolutionConfigurationPlatforms) = preSolution
		Debug|Any CPU = Debug|Any CPU
		Release|Any CPU = Release|Any CPU
	EndGlobalSection
	GlobalSection(ProjectConfigurationPlatforms) = postSolution
		{4D10C6A3-AAFC-4421-8845-1DFBF541F787}.Debug|Any CPU.ActiveCfg = Debug|Any CPU
		{4D10C6A3-AAFC-4421-8845-1DFBF541F787}.Debug|Any CPU.Build.0 = Debug|Any CPU
		{4D10C6A3-AAFC-4421-8845-1DFBF541F787}.Release|Any CPU.ActiveCfg = Release|Any CPU
		{4D10C6A3-AAFC-4421-8845-1DFBF541F787}.Release|Any CPU.Build.0 = Release|Any CPU
		{4DF0D06A-5269-421E-8C11-5CC0729032F4}.Debug|Any CPU.ActiveCfg = Debug|Any CPU
		{4DF0D06A-5269-421E-8C11-5CC0729032F4}.Debug|Any CPU.Build.0 = Debug|Any CPU
		{4DF0D06A-5269-421E-8C11-5CC0729032F4}.Release|Any CPU.ActiveCfg = Release|Any CPU
		{4DF0D06A-5269-421E-8C11-5CC0729032F4}.Release|Any CPU.Build.0 = Release|Any CPU
		{6D834B1A-4F92-4642-84B1-C7C8E0557DE9}.Debug|Any CPU.ActiveCfg = Debug|Any CPU
		{6D834B1A-4F92-4642-84B1-C7C8E0557DE9}.Debug|Any CPU.Build.0 = Debug|Any CPU
		{6D834B1A-4F92-4642-84B1-C7C8E0557DE9}.Release|Any CPU.ActiveCfg = Release|Any CPU
		{6D834B1A-4F92-4642-84B1-C7C8E0557DE9}.Release|Any CPU.Build.0 = Release|Any CPU
		{B8A980D9-A020-4773-84F7-2ED25B2B8294}.Debug|Any CPU.ActiveCfg = Debug|Any CPU
		{B8A980D9-A020-4773-84F7-2ED25B2B8294}.Debug|Any CPU.Build.0 = Debug|Any CPU
		{B8A980D9-A020-4773-84F7-2ED25B2B8294}.Release|Any CPU.ActiveCfg = Release|Any CPU
		{B8A980D9-A020-4773-84F7-2ED25B2B8294}.Release|Any CPU.Build.0 = Release|Any CPU
		{1766B673-8744-42E1-A295-D57D3E275B6A}.Debug|Any CPU.ActiveCfg = Debug|Any CPU
		{1766B673-8744-42E1-A295-D57D3E275B6A}.Debug|Any CPU.Build.0 = Debug|Any CPU
		{1766B673-8744-42E1-A295-D57D3E275B6A}.Release|Any CPU.ActiveCfg = Release|Any CPU
		{1766B673-8744-42E1-A295-D57D3E275B6A}.Release|Any CPU.Build.0 = Release|Any CPU
	EndGlobalSection
	GlobalSection(SolutionProperties) = preSolution
		HideSolutionNode = FALSE
	EndGlobalSection
	GlobalSection(NestedProjects) = preSolution
		{4D10C6A3-AAFC-4421-8845-1DFBF541F787} = {284A365D-676B-4342-9F8C-4701E077C439}
		{4DF0D06A-5269-421E-8C11-5CC0729032F4} = {3F149DA8-2932-4F1E-97EC-F50E2FF38077}
		{6D834B1A-4F92-4642-84B1-C7C8E0557DE9} = {BF802B58-99F4-4178-B5F7-A05944090747}
		{B8A980D9-A020-4773-84F7-2ED25B2B8294} = {2491374C-86BF-481D-AE97-8BC50AD3FA0B}
		{1766B673-8744-42E1-A295-D57D3E275B6A} = {5C1D7032-3DF5-4AFD-8448-DA9721852F3B}
	EndGlobalSection
	GlobalSection(ExtensibilityGlobals) = postSolution
		SolutionGuid = {236E12AE-C12A-4DCA-8A79-5799BA3116EC}
	EndGlobalSection
EndGlobal
